
Microsoft Visual Studio Solution File, Format Version 12.00
# Visual Studio Version 17
VisualStudioVersion = 17.12.35514.174
MinimumVisualStudioVersion = 10.0.40219.1
Project("{FAE04EC0-301F-11D3-BF4B-00C04F79EFBC}") = "E-CommerceApi", "E-CommerceApi\E-CommerceApi.csproj", "{CCEBEA29-A1F9-4C4A-9D08-64437D27FB9A}"
EndProject
Project("{FAE04EC0-301F-11D3-BF4B-00C04F79EFBC}") = "E-CommerceClient", "E-CommerceClient\E-CommerceClient.csproj", "{354CEE83-9295-4FF9-9157-B77184E9BED6}"
EndProject
Project("{FAE04EC0-301F-11D3-BF4B-00C04F79EFBC}") = "E-CommerceShared", "E-CommerceShared\E-CommerceShared.csproj", "{7C4F7B98-C9AC-4B88-A396-30EC1F7F5CC5}"
EndProject
Global
	GlobalSection(SolutionConfigurationPlatforms) = preSolution
		Debug|Any CPU = Debug|Any CPU
		Release|Any CPU = Release|Any CPU
	EndGlobalSection
	GlobalSection(ProjectConfigurationPlatforms) = postSolution
		{CCEBEA29-A1F9-4C4A-9D08-64437D27FB9A}.Debug|Any CPU.ActiveCfg = Debug|Any CPU
		{CCEBEA29-A1F9-4C4A-9D08-64437D27FB9A}.Debug|Any CPU.Build.0 = Debug|Any CPU
		{CCEBEA29-A1F9-4C4A-9D08-64437D27FB9A}.Release|Any CPU.ActiveCfg = Release|Any CPU
		{CCEBEA29-A1F9-4C4A-9D08-64437D27FB9A}.Release|Any CPU.Build.0 = Release|Any CPU
		{354CEE83-9295-4FF9-9157-B77184E9BED6}.Debug|Any CPU.ActiveCfg = Debug|Any CPU
		{354CEE83-9295-4FF9-9157-B77184E9BED6}.Debug|Any CPU.Build.0 = Debug|Any CPU
		{354CEE83-9295-4FF9-9157-B77184E9BED6}.Release|Any CPU.ActiveCfg = Release|Any CPU
		{354CEE83-9295-4FF9-9157-B77184E9BED6}.Release|Any CPU.Build.0 = Release|Any CPU
		{7C4F7B98-C9AC-4B88-A396-30EC1F7F5CC5}.Debug|Any CPU.ActiveCfg = Debug|Any CPU
		{7C4F7B98-C9AC-4B88-A396-30EC1F7F5CC5}.Debug|Any CPU.Build.0 = Debug|Any CPU
		{7C4F7B98-C9AC-4B88-A396-30EC1F7F5CC5}.Release|Any CPU.ActiveCfg = Release|Any CPU
		{7C4F7B98-C9AC-4B88-A396-30EC1F7F5CC5}.Release|Any CPU.Build.0 = Release|Any CPU
	EndGlobalSection
	GlobalSection(SolutionProperties) = preSolution
		HideSolutionNode = FALSE
	EndGlobalSection
EndGlobal
